Microsoft Visual Studio Solution File, Format Version 12.00
# Visual Studio Version 16
VisualStudioVersion = 16.0.30320.27
MinimumVisualStudioVersion = 15.0.26124.0
Project("{2150E333-8FDC-42A3-9474-1A3956D46DE8}") = "src", "src", "{C95ECC05-F3E8-49F4-B7C5-A29CD7EACFC1}"
EndProject
Project("{9A19103F-16F7-4668-BE54-9A1E7A4F7556}") = "Appveyor.TestLogger", "src\Appveyor.TestLogger\Appveyor.TestLogger.csproj", "{77CA5040-B4A0-4D0B-ADDD-09853A385007}"
EndProject
Project("{9A19103F-16F7-4668-BE54-9A1E7A4F7556}") = "Appveyor.TestLogger.TestAdapter", "src\Appveyor.TestLogger.TestAdapter\Appveyor.TestLogger.TestAdapter.csproj", "{46785A23-97DE-47D5-B81B-17D27DA963EE}"
EndProject
Project("{9A19103F-16F7-4668-BE54-9A1E7A4F7556}") = "package", "src\package\package.csproj", "{5D77CB5E-480F-411D-B58D-1339542344B3}"
EndProject
Global
	GlobalSection(SolutionConfigurationPlatforms) = preSolution
		Debug|Any CPU = Debug|Any CPU
		Debug|x64 = Debug|x64
		Debug|x86 = Debug|x86
		Release|Any CPU = Release|Any CPU
		Release|x64 = Release|x64
		Release|x86 = Release|x86
	EndGlobalSection
	GlobalSection(ProjectConfigurationPlatforms) = postSolution
		{77CA5040-B4A0-4D0B-ADDD-09853A385007}.Debug|Any CPU.ActiveCfg = Debug|Any CPU
		{77CA5040-B4A0-4D0B-ADDD-09853A385007}.Debug|Any CPU.Build.0 = Debug|Any CPU
		{77CA5040-B4A0-4D0B-ADDD-09853A385007}.Debug|x64.ActiveCfg = Debug|Any CPU
		{77CA5040-B4A0-4D0B-ADDD-09853A385007}.Debug|x64.Build.0 = Debug|Any CPU
		{77CA5040-B4A0-4D0B-ADDD-09853A385007}.Debug|x86.ActiveCfg = Debug|Any CPU
		{77CA5040-B4A0-4D0B-ADDD-09853A385007}.Debug|x86.Build.0 = Debug|Any CPU
		{77CA5040-B4A0-4D0B-ADDD-09853A385007}.Release|Any CPU.ActiveCfg = Release|Any CPU
		{77CA5040-B4A0-4D0B-ADDD-09853A385007}.Release|Any CPU.Build.0 = Release|Any CPU
		{77CA5040-B4A0-4D0B-ADDD-09853A385007}.Release|x64.ActiveCfg = Release|Any CPU
		{77CA5040-B4A0-4D0B-ADDD-09853A385007}.Release|x64.Build.0 = Release|Any CPU
		{77CA5040-B4A0-4D0B-ADDD-09853A385007}.Release|x86.ActiveCfg = Release|Any CPU
		{77CA5040-B4A0-4D0B-ADDD-09853A385007}.Release|x86.Build.0 = Release|Any CPU
		{46785A23-97DE-47D5-B81B-17D27DA963EE}.Debug|Any CPU.ActiveCfg = Debug|Any CPU
		{46785A23-97DE-47D5-B81B-17D27DA963EE}.Debug|Any CPU.Build.0 = Debug|Any CPU
		{46785A23-97DE-47D5-B81B-17D27DA963EE}.Debug|x64.ActiveCfg = Debug|Any CPU
		{46785A23-97DE-47D5-B81B-17D27DA963EE}.Debug|x64.Build.0 = Debug|Any CPU
		{46785A23-97DE-47D5-B81B-17D27DA963EE}.Debug|x86.ActiveCfg = Debug|Any CPU
		{46785A23-97DE-47D5-B81B-17D27DA963EE}.Debug|x86.Build.0 = Debug|Any CPU
		{46785A23-97DE-47D5-B81B-17D27DA963EE}.Release|Any CPU.ActiveCfg = Release|Any CPU
		{46785A23-97DE-47D5-B81B-17D27DA963EE}.Release|Any CPU.Build.0 = Release|Any CPU
		{46785A23-97DE-47D5-B81B-17D27DA963EE}.Release|x64.ActiveCfg = Release|Any CPU
		{46785A23-97DE-47D5-B81B-17D27DA963EE}.Release|x64.Build.0 = Release|Any CPU
		{46785A23-97DE-47D5-B81B-17D27DA963EE}.Release|x86.ActiveCfg = Release|Any CPU
		{46785A23-97DE-47D5-B81B-17D27DA963EE}.Release|x86.Build.0 = Release|Any CPU
		{5D77CB5E-480F-411D-B58D-1339542344B3}.Debug|Any CPU.ActiveCfg = Debug|Any CPU
		{5D77CB5E-480F-411D-B58D-1339542344B3}.Debug|Any CPU.Build.0 = Debug|Any CPU
		{5D77CB5E-480F-411D-B58D-1339542344B3}.Debug|x64.ActiveCfg = Debug|Any CPU
		{5D77CB5E-480F-411D-B58D-1339542344B3}.Debug|x64.Build.0 = Debug|Any CPU
		{5D77CB5E-480F-411D-B58D-1339542344B3}.Debug|x86.ActiveCfg = Debug|Any CPU
		{5D77CB5E-480F-411D-B58D-1339542344B3}.Debug|x86.Build.0 = Debug|Any CPU
		{5D77CB5E-480F-411D-B58D-1339542344B3}.Release|Any CPU.ActiveCfg = Release|Any CPU
		{5D77CB5E-480F-411D-B58D-1339542344B3}.Release|Any CPU.Build.0 = Release|Any CPU
		{5D77CB5E-480F-411D-B58D-1339542344B3}.Release|x64.ActiveCfg = Release|Any CPU
		{5D77CB5E-480F-411D-B58D-1339542344B3}.Release|x64.Build.0 = Release|Any CPU
		{5D77CB5E-480F-411D-B58D-1339542344B3}.Release|x86.ActiveCfg = Release|Any CPU
		{5D77CB5E-480F-411D-B58D-1339542344B3}.Release|x86.Build.0 = Release|Any CPU
	EndGlobalSection
	GlobalSection(SolutionProperties) = preSolution
		HideSolutionNode = FALSE
	EndGlobalSection
	GlobalSection(NestedProjects) = preSolution
		{77CA5040-B4A0-4D0B-ADDD-09853A385007} = {C95ECC05-F3E8-49F4-B7C5-A29CD7EACFC1}
		{46785A23-97DE-47D5-B81B-17D27DA963EE} = {C95ECC05-F3E8-49F4-B7C5-A29CD7EACFC1}
		{5D77CB5E-480F-411D-B58D-1339542344B3} = {C95ECC05-F3E8-49F4-B7C5-A29CD7EACFC1}
	EndGlobalSection
	GlobalSection(ExtensibilityGlobals) = postSolution
		SolutionGuid = {6F378301-5270-4A98-A940-4637E6016632}
	EndGlobalSection
EndGlobal
